
Microsoft Visual Studio Solution File, Format Version 12.00
# Visual Studio Version 16
VisualStudioVersion = 16.0.28922.388
MinimumVisualStudioVersion = 10.0.40219.1
Project("{9A19103F-16F7-4668-BE54-9A1E7A4F7556}") = "Web", "src\Web.csproj", "{BD4B10CE-6EEF-4ACC-8F24-1EC81EA17389}"
EndProject
Project("{9A19103F-16F7-4668-BE54-9A1E7A4F7556}") = "Tests", "test\Tests.csproj", "{C6982A9E-5911-407F-B3B2-31ACDAED18C7}"
EndProject
Global
	GlobalSection(SolutionConfigurationPlatforms) = preSolution
		Debug|Any CPU = Debug|Any CPU
		Release|Any CPU = Release|Any CPU
	EndGlobalSection
	GlobalSection(ProjectConfigurationPlatforms) = postSolution
		{BD4B10CE-6EEF-4ACC-8F24-1EC81EA17389}.Debug|Any CPU.ActiveCfg = Debug|Any CPU
		{BD4B10CE-6EEF-4ACC-8F24-1EC81EA17389}.Debug|Any CPU.Build.0 = Debug|Any CPU
		{BD4B10CE-6EEF-4ACC-8F24-1EC81EA17389}.Release|Any CPU.ActiveCfg = Release|Any CPU
		{BD4B10CE-6EEF-4ACC-8F24-1EC81EA17389}.Release|Any CPU.Build.0 = Release|Any CPU
		{C6982A9E-5911-407F-B3B2-31ACDAED18C7}.Debug|Any CPU.ActiveCfg = Debug|Any CPU
		{C6982A9E-5911-407F-B3B2-31ACDAED18C7}.Debug|Any CPU.Build.0 = Debug|Any CPU
		{C6982A9E-5911-407F-B3B2-31ACDAED18C7}.Release|Any CPU.ActiveCfg = Release|Any CPU
		{C6982A9E-5911-407F-B3B2-31ACDAED18C7}.Release|Any CPU.Build.0 = Release|Any CPU
	EndGlobalSection
	GlobalSection(SolutionProperties) = preSolution
		HideSolutionNode = FALSE
	EndGlobalSection
	GlobalSection(ExtensibilityGlobals) = postSolution
		SolutionGuid = {A52A5871-807F-4CE3-96BD-3B5E245C2EFC}
	EndGlobalSection
EndGlobal
